
Microsoft Visual Studio Solution File, Format Version 12.00
# Visual Studio Version 17
VisualStudioVersion = 17.14.36310.24
MinimumVisualStudioVersion = 10.0.40219.1
Project("{FAE04EC0-301F-11D3-BF4B-00C04F79EFBC}") = "Banking.Domain", "backend\src\Banking.Domain\Banking.Domain.csproj", "{B9957971-CBF6-263F-B19D-677B1DFB2657}"
EndProject
Project("{FAE04EC0-301F-11D3-BF4B-00C04F79EFBC}") = "Banking.Application", "backend\src\Banking.Application\Banking.Application.csproj", "{51CDA71F-6F84-4636-8D1C-B89BE8E86F30}"
EndProject
Project("{FAE04EC0-301F-11D3-BF4B-00C04F79EFBC}") = "Banking.Infrastructure", "backend\src\Banking.Infrastructure\Banking.Infrastructure.csproj", "{C176E5D8-4A05-4352-9B38-E9C3FF020CB0}"
EndProject
Project("{FAE04EC0-301F-11D3-BF4B-00C04F79EFBC}") = "Banking.API", "backend\src\Banking.API\Banking.API.csproj", "{E0EBBBE6-9B07-43CF-B6F4-5DDA17C43CFD}"
EndProject
Project("{FAE04EC0-301F-11D3-BF4B-00C04F79EFBC}") = "Banking.UnitTests", "backend\tests\Banking.UnitTests\Banking.UnitTests.csproj", "{A88ED6C1-FE97-4DF4-B58F-F6315AF496E1}"
EndProject
Project("{FAE04EC0-301F-11D3-BF4B-00C04F79EFBC}") = "Banking.IntegrationTests", "backend\tests\Banking.IntegrationTests\Banking.IntegrationTests.csproj", "{62379BB7-1B8F-434C-A177-4F4D191F8042}"
EndProject
Global
	GlobalSection(SolutionConfigurationPlatforms) = preSolution
		Debug|Any CPU = Debug|Any CPU
		Release|Any CPU = Release|Any CPU
	EndGlobalSection
	GlobalSection(ProjectConfigurationPlatforms) = postSolution
		{B9957971-CBF6-263F-B19D-677B1DFB2657}.Debug|Any CPU.ActiveCfg = Debug|Any CPU
		{B9957971-CBF6-263F-B19D-677B1DFB2657}.Debug|Any CPU.Build.0 = Debug|Any CPU
		{B9957971-CBF6-263F-B19D-677B1DFB2657}.Release|Any CPU.ActiveCfg = Release|Any CPU
		{B9957971-CBF6-263F-B19D-677B1DFB2657}.Release|Any CPU.Build.0 = Release|Any CPU
		{51CDA71F-6F84-4636-8D1C-B89BE8E86F30}.Debug|Any CPU.ActiveCfg = Debug|Any CPU
		{51CDA71F-6F84-4636-8D1C-B89BE8E86F30}.Debug|Any CPU.Build.0 = Debug|Any CPU
		{51CDA71F-6F84-4636-8D1C-B89BE8E86F30}.Release|Any CPU.ActiveCfg = Release|Any CPU
		{51CDA71F-6F84-4636-8D1C-B89BE8E86F30}.Release|Any CPU.Build.0 = Release|Any CPU
		{C176E5D8-4A05-4352-9B38-E9C3FF020CB0}.Debug|Any CPU.ActiveCfg = Debug|Any CPU
		{C176E5D8-4A05-4352-9B38-E9C3FF020CB0}.Debug|Any CPU.Build.0 = Debug|Any CPU
		{C176E5D8-4A05-4352-9B38-E9C3FF020CB0}.Release|Any CPU.ActiveCfg = Release|Any CPU
		{C176E5D8-4A05-4352-9B38-E9C3FF020CB0}.Release|Any CPU.Build.0 = Release|Any CPU
		{E0EBBBE6-9B07-43CF-B6F4-5DDA17C43CFD}.Debug|Any CPU.ActiveCfg = Debug|Any CPU
		{E0EBBBE6-9B07-43CF-B6F4-5DDA17C43CFD}.Debug|Any CPU.Build.0 = Debug|Any CPU
		{E0EBBBE6-9B07-43CF-B6F4-5DDA17C43CFD}.Release|Any CPU.ActiveCfg = Release|Any CPU
		{E0EBBBE6-9B07-43CF-B6F4-5DDA17C43CFD}.Release|Any CPU.Build.0 = Release|Any CPU
		{A88ED6C1-FE97-4DF4-B58F-F6315AF496E1}.Debug|Any CPU.ActiveCfg = Debug|Any CPU
		{A88ED6C1-FE97-4DF4-B58F-F6315AF496E1}.Debug|Any CPU.Build.0 = Debug|Any CPU
		{A88ED6C1-FE97-4DF4-B58F-F6315AF496E1}.Release|Any CPU.ActiveCfg = Release|Any CPU
		{A88ED6C1-FE97-4DF4-B58F-F6315AF496E1}.Release|Any CPU.Build.0 = Release|Any CPU
		{62379BB7-1B8F-434C-A177-4F4D191F8042}.Debug|Any CPU.ActiveCfg = Debug|Any CPU
		{62379BB7-1B8F-434C-A177-4F4D191F8042}.Debug|Any CPU.Build.0 = Debug|Any CPU
		{62379BB7-1B8F-434C-A177-4F4D191F8042}.Release|Any CPU.ActiveCfg = Release|Any CPU
		{62379BB7-1B8F-434C-A177-4F4D191F8042}.Release|Any CPU.Build.0 = Release|Any CPU
	EndGlobalSection
	GlobalSection(SolutionProperties) = preSolution
		HideSolutionNode = FALSE
	EndGlobalSection
	GlobalSection(ExtensibilityGlobals) = postSolution
		SolutionGuid = {B89AB294-28B3-4241-B49C-EBA39A47DE11}
	EndGlobalSection
EndGlobal
